
Microsoft Visual Studio Solution File, Format Version 12.00
# Visual Studio Version 17
VisualStudioVersion = 17.9.34701.34
MinimumVisualStudioVersion = 10.0.40219.1
Project("{9A19103F-16F7-4668-BE54-9A1E7A4F7556}") = "ExpenseApi", "ExpenseApi\ExpenseApi.csproj", "{ABFD2767-C8BE-404D-A999-E94AC00F2F8A}"
EndProject
Project("{FAE04EC0-301F-11D3-BF4B-00C04F79EFBC}") = "ExpenseAPiTest", "ExpenseAPiTest\ExpenseAPiTest.csproj", "{0B411993-A082-4BC4-9A32-A317B83BA026}"
EndProject
Global
	GlobalSection(SolutionConfigurationPlatforms) = preSolution
		Debug|Any CPU = Debug|Any CPU
		Release|Any CPU = Release|Any CPU
	EndGlobalSection
	GlobalSection(ProjectConfigurationPlatforms) = postSolution
		{ABFD2767-C8BE-404D-A999-E94AC00F2F8A}.Debug|Any CPU.ActiveCfg = Debug|Any CPU
		{ABFD2767-C8BE-404D-A999-E94AC00F2F8A}.Debug|Any CPU.Build.0 = Debug|Any CPU
		{ABFD2767-C8BE-404D-A999-E94AC00F2F8A}.Release|Any CPU.ActiveCfg = Release|Any CPU
		{ABFD2767-C8BE-404D-A999-E94AC00F2F8A}.Release|Any CPU.Build.0 = Release|Any CPU
		{0B411993-A082-4BC4-9A32-A317B83BA026}.Debug|Any CPU.ActiveCfg = Debug|Any CPU
		{0B411993-A082-4BC4-9A32-A317B83BA026}.Debug|Any CPU.Build.0 = Debug|Any CPU
		{0B411993-A082-4BC4-9A32-A317B83BA026}.Release|Any CPU.ActiveCfg = Release|Any CPU
		{0B411993-A082-4BC4-9A32-A317B83BA026}.Release|Any CPU.Build.0 = Release|Any CPU
	EndGlobalSection
	GlobalSection(SolutionProperties) = preSolution
		HideSolutionNode = FALSE
	EndGlobalSection
	GlobalSection(ExtensibilityGlobals) = postSolution
		SolutionGuid = {8913C322-1ED9-492D-AD16-873D30A5A093}
	EndGlobalSection
EndGlobal
